{
  "version": 4,
  "terraform_version": "1.10.0",
  "serial": 190,
  "lineage": "29d11bf6-2c3e-bba5-3dd1-07f0998950ec",
  "outputs": {
    "iam_groups": {
      "value": {
        "admins": "admins",
        "developers": "developers"
      },
      "type": [
        "object",
        {
          "admins": "string",
          "developers": "string"
        }
      ]
    },
    "iam_users": {
      "value": {
        "alice": "developers",
        "bob": "developers",
        "charlie": "admins",
        "david": "admins"
      },
      "type": [
        "map",
        "string"
      ]
    },
    "user_group_membership": {
      "value": {
        "alice": "developers",
        "bob": "developers",
        "charlie": "admins",
        "david": "admins"
      },
      "type": [
        "object",
        {
          "alice": "string",
          "bob": "string",
          "charlie": "string",
          "david": "string"
        }
      ]
    }
  },
  "resources": [
    {
      "module": "module.create_groups",
      "mode": "managed",
      "type": "aws_iam_group",
      "name": "iam_group",
      "provider": "provider[\"registry.terraform.io/hashicorp/aws\"]",
      "instances": [
        {
          "index_key": "admins",
          "schema_version": 0,
          "attributes": {
            "arn": "arn:aws:iam::980921712022:group/admins",
            "id": "admins",
            "name": "admins",
            "path": "/",
            "unique_id": "AGPA6IY35PWLAHICWRGQX"
          },
          "sensitive_attributes": [],
          "private": "bnVsbA=="
        },
        {
          "index_key": "developers",
          "schema_version": 0,
          "attributes": {
            "arn": "arn:aws:iam::980921712022:group/developers",
            "id": "developers",
            "name": "developers",
            "path": "/",
            "unique_id": "AGPA6IY35PWLAGMKGGQNC"
          },
          "sensitive_attributes": [],
          "private": "bnVsbA=="
        }
      ]
    },
    {
      "module": "module.create_users",
      "mode": "managed",
      "type": "aws_iam_user",
      "name": "iam_user",
      "provider": "provider[\"registry.terraform.io/hashicorp/aws\"]",
      "instances": [
        {
          "index_key": "alice",
          "schema_version": 0,
          "attributes": {
            "arn": "arn:aws:iam::980921712022:user/alice",
            "force_destroy": false,
            "id": "alice",
            "name": "alice",
            "path": "/",
            "permissions_boundary": "",
            "tags": null,
            "tags_all": {},
            "unique_id": "AIDA6IY35PWLLD7YUK4YQ"
          },
          "sensitive_attributes": [],
          "private": "bnVsbA=="
        },
        {
          "index_key": "bob",
          "schema_version": 0,
          "attributes": {
            "arn": "arn:aws:iam::980921712022:user/bob",
            "force_destroy": false,
            "id": "bob",
            "name": "bob",
            "path": "/",
            "permissions_boundary": "",
            "tags": null,
            "tags_all": {},
            "unique_id": "AIDA6IY35PWLMAK5MZ3DV"
          },
          "sensitive_attributes": [],
          "private": "bnVsbA=="
        },
        {
          "index_key": "charlie",
          "schema_version": 0,
          "attributes": {
            "arn": "arn:aws:iam::980921712022:user/charlie",
            "force_destroy": false,
            "id": "charlie",
            "name": "charlie",
            "path": "/",
            "permissions_boundary": "",
            "tags": null,
            "tags_all": {},
            "unique_id": "AIDA6IY35PWLLDUBR5UY2"
          },
          "sensitive_attributes": [],
          "private": "bnVsbA=="
        },
        {
          "index_key": "david",
          "schema_version": 0,
          "attributes": {
            "arn": "arn:aws:iam::980921712022:user/david",
            "force_destroy": false,
            "id": "david",
            "name": "david",
            "path": "/",
            "permissions_boundary": "",
            "tags": null,
            "tags_all": {},
            "unique_id": "AIDA6IY35PWLOZJHS4BYD"
          },
          "sensitive_attributes": [],
          "private": "bnVsbA=="
        }
      ]
    },
    {
      "module": "module.user_group_membership",
      "mode": "managed",
      "type": "aws_iam_group_membership",
      "name": "group_membership",
      "provider": "provider[\"registry.terraform.io/hashicorp/aws\"]",
      "instances": [
        {
          "index_key": "alice",
          "schema_version": 0,
          "attributes": {
            "group": "developers",
            "id": "iam_group_membership",
            "name": "iam_group_membership",
            "users": [
              "alice"
            ]
          },
          "sensitive_attributes": [],
          "private": "bnVsbA==",
          "dependencies": [
            "module.create_groups.aws_iam_group.iam_group",
            "module.create_users.aws_iam_user.iam_user"
          ]
        },
        {
          "index_key": "bob",
          "schema_version": 0,
          "attributes": {
            "group": "developers",
            "id": "iam_group_membership",
            "name": "iam_group_membership",
            "users": [
              "bob"
            ]
          },
          "sensitive_attributes": [],
          "private": "bnVsbA==",
          "dependencies": [
            "module.create_groups.aws_iam_group.iam_group",
            "module.create_users.aws_iam_user.iam_user"
          ]
        },
        {
          "index_key": "charlie",
          "schema_version": 0,
          "attributes": {
            "group": "admins",
            "id": "iam_group_membership",
            "name": "iam_group_membership",
            "users": [
              "charlie"
            ]
          },
          "sensitive_attributes": [],
          "private": "bnVsbA==",
          "dependencies": [
            "module.create_groups.aws_iam_group.iam_group",
            "module.create_users.aws_iam_user.iam_user"
          ]
        },
        {
          "index_key": "david",
          "schema_version": 0,
          "attributes": {
            "group": "admins",
            "id": "iam_group_membership",
            "name": "iam_group_membership",
            "users": [
              "david"
            ]
          },
          "sensitive_attributes": [],
          "private": "bnVsbA==",
          "dependencies": [
            "module.create_groups.aws_iam_group.iam_group",
            "module.create_users.aws_iam_user.iam_user"
          ]
        }
      ]
    }
  ],
  "check_results": null
}
