{
  "version": 4,
  "terraform_version": "1.10.0",
  "serial": 46,
  "lineage": "29d11bf6-2c3e-bba5-3dd1-07f0998950ec",
  "outputs": {
    "iam_groups": {
      "value": [
        "App-a",
        "App-b",
        "App-c"
      ],
      "type": [
        "tuple",
        [
          "string",
          "string",
          "string"
        ]
      ]
    },
    "iam_users": {
      "value": [
        "Developer-1",
        "Developer-2",
        "Developer-3"
      ],
      "type": [
        "tuple",
        [
          "string",
          "string",
          "string"
        ]
      ]
    },
    "user_group_membership": {
      "value": {
        "Developer-1": "App-a",
        "Developer-2": "App-b",
        "Developer-3": "App-c"
      },
      "type": [
        "object",
        {
          "Developer-1": "string",
          "Developer-2": "string",
          "Developer-3": "string"
        }
      ]
    }
  },
  "resources": [
    {
      "module": "module.create_groups",
      "mode": "managed",
      "type": "aws_iam_group",
      "name": "iam_group",
      "provider": "provider[\"registry.terraform.io/hashicorp/aws\"]",
      "instances": [
        {
          "index_key": 0,
          "schema_version": 0,
          "attributes": {
            "arn": "arn:aws:iam::980921712022:group/App-a",
            "id": "App-a",
            "name": "App-a",
            "path": "/",
            "unique_id": "AGPA6IY35PWLJYGV5EQNM"
          },
          "sensitive_attributes": [],
          "private": "bnVsbA=="
        },
        {
          "index_key": 1,
          "schema_version": 0,
          "attributes": {
            "arn": "arn:aws:iam::980921712022:group/App-b",
            "id": "App-b",
            "name": "App-b",
            "path": "/",
            "unique_id": "AGPA6IY35PWLALNNY2WRW"
          },
          "sensitive_attributes": [],
          "private": "bnVsbA=="
        },
        {
          "index_key": 2,
          "schema_version": 0,
          "attributes": {
            "arn": "arn:aws:iam::980921712022:group/App-c",
            "id": "App-c",
            "name": "App-c",
            "path": "/",
            "unique_id": "AGPA6IY35PWLJDISAJI65"
          },
          "sensitive_attributes": [],
          "private": "bnVsbA=="
        }
      ]
    },
    {
      "module": "module.create_users",
      "mode": "managed",
      "type": "aws_iam_user",
      "name": "iam_user",
      "provider": "provider[\"registry.terraform.io/hashicorp/aws\"]",
      "instances": [
        {
          "index_key": 0,
          "schema_version": 0,
          "attributes": {
            "arn": "arn:aws:iam::980921712022:user/Developer-1",
            "force_destroy": false,
            "id": "Developer-1",
            "name": "Developer-1",
            "path": "/",
            "permissions_boundary": "",
            "tags": null,
            "tags_all": {},
            "unique_id": "AIDA6IY35PWLG2OWUWAZP"
          },
          "sensitive_attributes": [],
          "private": "bnVsbA=="
        },
        {
          "index_key": 1,
          "schema_version": 0,
          "attributes": {
            "arn": "arn:aws:iam::980921712022:user/Developer-2",
            "force_destroy": false,
            "id": "Developer-2",
            "name": "Developer-2",
            "path": "/",
            "permissions_boundary": "",
            "tags": null,
            "tags_all": {},
            "unique_id": "AIDA6IY35PWLBNQZFRPPD"
          },
          "sensitive_attributes": [],
          "private": "bnVsbA=="
        },
        {
          "index_key": 2,
          "schema_version": 0,
          "attributes": {
            "arn": "arn:aws:iam::980921712022:user/Developer-3",
            "force_destroy": false,
            "id": "Developer-3",
            "name": "Developer-3",
            "path": "/",
            "permissions_boundary": "",
            "tags": null,
            "tags_all": {},
            "unique_id": "AIDA6IY35PWLI2UQPZN7C"
          },
          "sensitive_attributes": [],
          "private": "bnVsbA=="
        }
      ]
    },
    {
      "module": "module.user_group_membership",
      "mode": "managed",
      "type": "aws_iam_group_membership",
      "name": "group_membership",
      "provider": "provider[\"registry.terraform.io/hashicorp/aws\"]",
      "instances": [
        {
          "index_key": "Developer-1",
          "schema_version": 0,
          "attributes": {
            "group": "App-a",
            "id": "iam_group_membership",
            "name": "iam_group_membership",
            "users": [
              "Developer-1"
            ]
          },
          "sensitive_attributes": [],
          "private": "bnVsbA==",
          "dependencies": [
            "module.create_groups.aws_iam_group.iam_group",
            "module.create_users.aws_iam_user.iam_user"
          ]
        },
        {
          "index_key": "Developer-2",
          "schema_version": 0,
          "attributes": {
            "group": "App-b",
            "id": "iam_group_membership",
            "name": "iam_group_membership",
            "users": [
              "Developer-2"
            ]
          },
          "sensitive_attributes": [],
          "private": "bnVsbA==",
          "dependencies": [
            "module.create_groups.aws_iam_group.iam_group",
            "module.create_users.aws_iam_user.iam_user"
          ]
        },
        {
          "index_key": "Developer-3",
          "schema_version": 0,
          "attributes": {
            "group": "App-c",
            "id": "iam_group_membership",
            "name": "iam_group_membership",
            "users": [
              "Developer-3"
            ]
          },
          "sensitive_attributes": [],
          "private": "bnVsbA==",
          "dependencies": [
            "module.create_groups.aws_iam_group.iam_group",
            "module.create_users.aws_iam_user.iam_user"
          ]
        }
      ]
    }
  ],
  "check_results": null
}
